
Microsoft Visual Studio Solution File, Format Version 12.00
# Visual Studio Version 16
VisualStudioVersion = 16.0.30114.105
MinimumVisualStudioVersion = 10.0.40219.1
Project("{9A19103F-16F7-4668-BE54-9A1E7A4F7556}") = "SteamWebPipes", "SteamWebPipes\SteamWebPipes.csproj", "{A9179E3C-2DAC-4A36-A871-B018C48B3D4A}"
EndProject
Global
	GlobalSection(SolutionConfigurationPlatforms) = preSolution
		Debug|Any CPU = Debug|Any CPU
		Release|Any CPU = Release|Any CPU
	EndGlobalSection
	GlobalSection(ProjectConfigurationPlatforms) = postSolution
		{A9179E3C-2DAC-4A36-A871-B018C48B3D4A}.Debug|Any CPU.ActiveCfg = Debug|Any CPU
		{A9179E3C-2DAC-4A36-A871-B018C48B3D4A}.Debug|Any CPU.Build.0 = Debug|Any CPU
		{A9179E3C-2DAC-4A36-A871-B018C48B3D4A}.Release|Any CPU.ActiveCfg = Release|Any CPU
		{A9179E3C-2DAC-4A36-A871-B018C48B3D4A}.Release|Any CPU.Build.0 = Release|Any CPU
	EndGlobalSection
	GlobalSection(SolutionProperties) = preSolution
		HideSolutionNode = FALSE
	EndGlobalSection
	GlobalSection(ExtensibilityGlobals) = postSolution
		SolutionGuid = {5BB995AC-52DB-41A9-B344-8137C7C68990}
	EndGlobalSection
EndGlobal
